
Microsoft Visual Studio Solution File, Format Version 9.00
# Visual C++ Express 2005
Project("{8BC9CEB8-8B4A-11D0-8D11-00A0C91BC942}") = "test_clogreader", "test_clogreader.vcproj", "{75BB5AC2-4BAA-4FCF-B733-3F8466356927}"
EndProject
Global
	GlobalSection(SolutionConfigurationPlatforms) = preSolution
		Debug|Win32 = Debug|Win32
		Release|Win32 = Release|Win32
	EndGlobalSection
	GlobalSection(ProjectConfigurationPlatforms) = postSolution
		{75BB5AC2-4BAA-4FCF-B733-3F8466356927}.Debug|Win32.ActiveCfg = Debug|Win32
		{75BB5AC2-4BAA-4FCF-B733-3F8466356927}.Debug|Win32.Build.0 = Debug|Win32
		{75BB5AC2-4BAA-4FCF-B733-3F8466356927}.Release|Win32.ActiveCfg = Release|Win32
		{75BB5AC2-4BAA-4FCF-B733-3F8466356927}.Release|Win32.Build.0 = Release|Win32
	EndGlobalSection
	GlobalSection(SolutionProperties) = preSolution
		HideSolutionNode = FALSE
	EndGlobalSection
EndGlobal
